// !$*UTF8*$!
{
	archiveVersion = 1;
	classes = {
	};
	objectVersion = 55;
	objects = {

/* Begin PBXBuildFile section */
		403988AE29CF119900717928 /* swiftui_combine_mvvm_exampleApp.swift in Sources */ = {isa = PBXBuildFile; fileRef = 403988AD29CF119900717928 /* swiftui_combine_mvvm_exampleApp.swift */; };
		403988B029CF119900717928 /* ContentView.swift in Sources */ = {isa = PBXBuildFile; fileRef = 403988AF29CF119900717928 /* ContentView.swift */; };
		403988B229CF119A00717928 /* Assets.xcassets in Resources */ = {isa = PBXBuildFile; fileRef = 403988B129CF119A00717928 /* Assets.xcassets */; };
		403988B529CF119A00717928 /* Preview Assets.xcassets in Resources */ = {isa = PBXBuildFile; fileRef = 403988B429CF119A00717928 /* Preview Assets.xcassets */; };
		403988BF29CF119A00717928 /* swiftui_combine_mvvm_exampleTests.swift in Sources */ = {isa = PBXBuildFile; fileRef = 403988BE29CF119A00717928 /* swiftui_combine_mvvm_exampleTests.swift */; };
		403988C929CF119A00717928 /* swiftui_combine_mvvm_exampleUITests.swift in Sources */ = {isa = PBXBuildFile; fileRef = 403988C829CF119A00717928 /* swiftui_combine_mvvm_exampleUITests.swift */; };
		403988CB29CF119A00717928 /* swiftui_combine_mvvm_exampleUITestsLaunchTests.swift in Sources */ = {isa = PBXBuildFile; fileRef = 403988CA29CF119A00717928 /* swiftui_combine_mvvm_exampleUITestsLaunchTests.swift */; };
		403988DC29CF14A900717928 /* RateListView.swift in Sources */ = {isa = PBXBuildFile; fileRef = 403988DB29CF14A900717928 /* RateListView.swift */; };
		403988DE29CF161200717928 /* Images.xcassets in Resources */ = {isa = PBXBuildFile; fileRef = 403988DD29CF161200717928 /* Images.xcassets */; };
		403988E129CF172700717928 /* ArticleListView.swift in Sources */ = {isa = PBXBuildFile; fileRef = 403988E029CF172700717928 /* ArticleListView.swift */; };
		403988E329CF1AFC00717928 /* sample.png in Resources */ = {isa = PBXBuildFile; fileRef = 403988E229CF1AFC00717928 /* sample.png */; };
		403988E829CF1C9B00717928 /* RateTextView.swift in Sources */ = {isa = PBXBuildFile; fileRef = 403988E729CF1C9B00717928 /* RateTextView.swift */; };
		403988EA29CF214900717928 /* RateSubTextView.swift in Sources */ = {isa = PBXBuildFile; fileRef = 403988E929CF214900717928 /* RateSubTextView.swift */; };
		403988ED29CFD0DB00717928 /* RoundedModifier.swift in Sources */ = {isa = PBXBuildFile; fileRef = 403988EC29CFD0DB00717928 /* RoundedModifier.swift */; };
		403988EF29CFD11D00717928 /* ShadowModifier.swift in Sources */ = {isa = PBXBuildFile; fileRef = 403988EE29CFD11D00717928 /* ShadowModifier.swift */; };
		403988F229CFD1E100717928 /* Style+Extensions.swift in Sources */ = {isa = PBXBuildFile; fileRef = 403988F129CFD1E100717928 /* Style+Extensions.swift */; };
		403988F429CFD38500717928 /* FontModifier.swift in Sources */ = {isa = PBXBuildFile; fileRef = 403988F329CFD38500717928 /* FontModifier.swift */; };
		403988F829CFD91D00717928 /* Colors.xcassets in Resources */ = {isa = PBXBuildFile; fileRef = 403988F729CFD91D00717928 /* Colors.xcassets */; };
		4039890129CFE1E400717928 /* constants.swift in Sources */ = {isa = PBXBuildFile; fileRef = 4039890029CFE1E400717928 /* constants.swift */; };
		4039890429CFE22500717928 /* ContentView.swift in Sources */ = {isa = PBXBuildFile; fileRef = 403988AF29CF119900717928 /* ContentView.swift */; };
		4039890529CFE22500717928 /* Style+Extensions.swift in Sources */ = {isa = PBXBuildFile; fileRef = 403988F129CFD1E100717928 /* Style+Extensions.swift */; };
		4039890629CFE22500717928 /* swiftui_combine_mvvm_exampleApp.swift in Sources */ = {isa = PBXBuildFile; fileRef = 403988AD29CF119900717928 /* swiftui_combine_mvvm_exampleApp.swift */; };
		4039890729CFE22500717928 /* RateSubTextView.swift in Sources */ = {isa = PBXBuildFile; fileRef = 403988E929CF214900717928 /* RateSubTextView.swift */; };
		4039890929CFE22500717928 /* RateListView.swift in Sources */ = {isa = PBXBuildFile; fileRef = 403988DB29CF14A900717928 /* RateListView.swift */; };
		4039890A29CFE22500717928 /* ShadowModifier.swift in Sources */ = {isa = PBXBuildFile; fileRef = 403988EE29CFD11D00717928 /* ShadowModifier.swift */; };
		4039890B29CFE22500717928 /* ArticleListView.swift in Sources */ = {isa = PBXBuildFile; fileRef = 403988E029CF172700717928 /* ArticleListView.swift */; };
		4039890C29CFE22500717928 /* FontModifier.swift in Sources */ = {isa = PBXBuildFile; fileRef = 403988F329CFD38500717928 /* FontModifier.swift */; };
		4039890D29CFE22500717928 /* RoundedModifier.swift in Sources */ = {isa = PBXBuildFile; fileRef = 403988EC29CFD0DB00717928 /* RoundedModifier.swift */; };
		4039890E29CFE22500717928 /* RateTextView.swift in Sources */ = {isa = PBXBuildFile; fileRef = 403988E729CF1C9B00717928 /* RateTextView.swift */; };
		4039891129CFE22500717928 /* Colors.xcassets in Resources */ = {isa = PBXBuildFile; fileRef = 403988F729CFD91D00717928 /* Colors.xcassets */; };
		4039891229CFE22500717928 /* Images.xcassets in Resources */ = {isa = PBXBuildFile; fileRef = 403988DD29CF161200717928 /* Images.xcassets */; };
		4039891329CFE22500717928 /* Preview Assets.xcassets in Resources */ = {isa = PBXBuildFile; fileRef = 403988B429CF119A00717928 /* Preview Assets.xcassets */; };
		4039891429CFE22500717928 /* Assets.xcassets in Resources */ = {isa = PBXBuildFile; fileRef = 403988B129CF119A00717928 /* Assets.xcassets */; };
		4039891529CFE22500717928 /* sample.png in Resources */ = {isa = PBXBuildFile; fileRef = 403988E229CF1AFC00717928 /* sample.png */; };
		4039891C29CFE22700717928 /* ContentView.swift in Sources */ = {isa = PBXBuildFile; fileRef = 403988AF29CF119900717928 /* ContentView.swift */; };
		4039891D29CFE22700717928 /* Style+Extensions.swift in Sources */ = {isa = PBXBuildFile; fileRef = 403988F129CFD1E100717928 /* Style+Extensions.swift */; };
		4039891E29CFE22700717928 /* swiftui_combine_mvvm_exampleApp.swift in Sources */ = {isa = PBXBuildFile; fileRef = 403988AD29CF119900717928 /* swiftui_combine_mvvm_exampleApp.swift */; };
		4039891F29CFE22700717928 /* RateSubTextView.swift in Sources */ = {isa = PBXBuildFile; fileRef = 403988E929CF214900717928 /* RateSubTextView.swift */; };
		4039892129CFE22700717928 /* RateListView.swift in Sources */ = {isa = PBXBuildFile; fileRef = 403988DB29CF14A900717928 /* RateListView.swift */; };
		4039892229CFE22700717928 /* ShadowModifier.swift in Sources */ = {isa = PBXBuildFile; fileRef = 403988EE29CFD11D00717928 /* ShadowModifier.swift */; };
		4039892329CFE22700717928 /* ArticleListView.swift in Sources */ = {isa = PBXBuildFile; fileRef = 403988E029CF172700717928 /* ArticleListView.swift */; };
		4039892429CFE22700717928 /* FontModifier.swift in Sources */ = {isa = PBXBuildFile; fileRef = 403988F329CFD38500717928 /* FontModifier.swift */; };
		4039892529CFE22700717928 /* RoundedModifier.swift in Sources */ = {isa = PBXBuildFile; fileRef = 403988EC29CFD0DB00717928 /* RoundedModifier.swift */; };
		4039892629CFE22700717928 /* RateTextView.swift in Sources */ = {isa = PBXBuildFile; fileRef = 403988E729CF1C9B00717928 /* RateTextView.swift */; };
		4039892929CFE22700717928 /* Colors.xcassets in Resources */ = {isa = PBXBuildFile; fileRef = 403988F729CFD91D00717928 /* Colors.xcassets */; };
		4039892A29CFE22700717928 /* Images.xcassets in Resources */ = {isa = PBXBuildFile; fileRef = 403988DD29CF161200717928 /* Images.xcassets */; };
		4039892B29CFE22700717928 /* Preview Assets.xcassets in Resources */ = {isa = PBXBuildFile; fileRef = 403988B429CF119A00717928 /* Preview Assets.xcassets */; };
		4039892C29CFE22700717928 /* Assets.xcassets in Resources */ = {isa = PBXBuildFile; fileRef = 403988B129CF119A00717928 /* Assets.xcassets */; };
		4039892D29CFE22700717928 /* sample.png in Resources */ = {isa = PBXBuildFile; fileRef = 403988E229CF1AFC00717928 /* sample.png */; };
		4039893329CFE28D00717928 /* constants.swift in Sources */ = {isa = PBXBuildFile; fileRef = 4039893229CFE28D00717928 /* constants.swift */; };
		4039893629CFE2B600717928 /* constants.swift in Sources */ = {isa = PBXBuildFile; fileRef = 4039893529CFE2B600717928 /* constants.swift */; };
		4039893C29D93AA900717928 /* UIChartRepresentable.swift in Sources */ = {isa = PBXBuildFile; fileRef = 4039893B29D93AA900717928 /* UIChartRepresentable.swift */; };
		4039893D29D93AA900717928 /* UIChartRepresentable.swift in Sources */ = {isa = PBXBuildFile; fileRef = 4039893B29D93AA900717928 /* UIChartRepresentable.swift */; };
		4039893E29D93AA900717928 /* UIChartRepresentable.swift in Sources */ = {isa = PBXBuildFile; fileRef = 4039893B29D93AA900717928 /* UIChartRepresentable.swift */; };
		4039894029D93C7B00717928 /* RateCurrencyView.swift in Sources */ = {isa = PBXBuildFile; fileRef = 4039893F29D93C7B00717928 /* RateCurrencyView.swift */; };
		4039894129D93C7B00717928 /* RateCurrencyView.swift in Sources */ = {isa = PBXBuildFile; fileRef = 4039893F29D93C7B00717928 /* RateCurrencyView.swift */; };
		4039894229D93C7B00717928 /* RateCurrencyView.swift in Sources */ = {isa = PBXBuildFile; fileRef = 4039893F29D93C7B00717928 /* RateCurrencyView.swift */; };
		4039894429D9434F00717928 /* RateSpreadView.swift in Sources */ = {isa = PBXBuildFile; fileRef = 4039894329D9434F00717928 /* RateSpreadView.swift */; };
		4039894529D9434F00717928 /* RateSpreadView.swift in Sources */ = {isa = PBXBuildFile; fileRef = 4039894329D9434F00717928 /* RateSpreadView.swift */; };
		4039894629D9434F00717928 /* RateSpreadView.swift in Sources */ = {isa = PBXBuildFile; fileRef = 4039894329D9434F00717928 /* RateSpreadView.swift */; };
		4039894829D9438E00717928 /* RateBeforeDayView.swift in Sources */ = {isa = PBXBuildFile; fileRef = 4039894729D9438E00717928 /* RateBeforeDayView.swift */; };
		4039894929D9438E00717928 /* RateBeforeDayView.swift in Sources */ = {isa = PBXBuildFile; fileRef = 4039894729D9438E00717928 /* RateBeforeDayView.swift */; };
		4039894A29D9438E00717928 /* RateBeforeDayView.swift in Sources */ = {isa = PBXBuildFile; fileRef = 4039894729D9438E00717928 /* RateBeforeDayView.swift */; };
		4039894C29D94D1900717928 /* RateInfoRowView.swift in Sources */ = {isa = PBXBuildFile; fileRef = 4039894B29D94D1900717928 /* RateInfoRowView.swift */; };
		4039894D29D94D1900717928 /* RateInfoRowView.swift in Sources */ = {isa = PBXBuildFile; fileRef = 4039894B29D94D1900717928 /* RateInfoRowView.swift */; };
		4039894E29D94D1900717928 /* RateInfoRowView.swift in Sources */ = {isa = PBXBuildFile; fileRef = 4039894B29D94D1900717928 /* RateInfoRowView.swift */; };
		4039895029D94E2500717928 /* RateBoardView.swift in Sources */ = {isa = PBXBuildFile; fileRef = 4039894F29D94E2500717928 /* RateBoardView.swift */; };
		4039895129D94E2500717928 /* RateBoardView.swift in Sources */ = {isa = PBXBuildFile; fileRef = 4039894F29D94E2500717928 /* RateBoardView.swift */; };
		4039895229D94E2500717928 /* RateBoardView.swift in Sources */ = {isa = PBXBuildFile; fileRef = 4039894F29D94E2500717928 /* RateBoardView.swift */; };
		4039895429D94FA400717928 /* RateCellView.swift in Sources */ = {isa = PBXBuildFile; fileRef = 4039895329D94FA400717928 /* RateCellView.swift */; };
		4039895529D94FA400717928 /* RateCellView.swift in Sources */ = {isa = PBXBuildFile; fileRef = 4039895329D94FA400717928 /* RateCellView.swift */; };
		4039895629D94FA400717928 /* RateCellView.swift in Sources */ = {isa = PBXBuildFile; fileRef = 4039895329D94FA400717928 /* RateCellView.swift */; };
/* End PBXBuildFile section */

/* Begin PBXContainerItemProxy section */
		403988BB29CF119A00717928 /* PBXContainerItemProxy */ = {
			isa = PBXContainerItemProxy;
			containerPortal = 403988A229CF119900717928 /* Project object */;
			proxyType = 1;
			remoteGlobalIDString = 403988A929CF119900717928;
			remoteInfo = "swiftui-combine-mvvm-example";
		};
		403988C529CF119A00717928 /* PBXContainerItemProxy */ = {
			isa = PBXContainerItemProxy;
			containerPortal = 403988A229CF119900717928 /* Project object */;
			proxyType = 1;
			remoteGlobalIDString = 403988A929CF119900717928;
			remoteInfo = "swiftui-combine-mvvm-example";
		};
/* End PBXContainerItemProxy section */

/* Begin PBXFileReference section */
		403988AA29CF119900717928 /* swiftui-combine-mvvm-example-dev.app */ = {isa = PBXFileReference; explicitFileType = wrapper.application; includeInIndex = 0; path = "swiftui-combine-mvvm-example-dev.app"; sourceTree = BUILT_PRODUCTS_DIR; };
		403988AD29CF119900717928 /* swiftui_combine_mvvm_exampleApp.swift */ = {isa = PBXFileReference; lastKnownFileType = sourcecode.swift; path = swiftui_combine_mvvm_exampleApp.swift; sourceTree = "<group>"; };
		403988AF29CF119900717928 /* ContentView.swift */ = {isa = PBXFileReference; lastKnownFileType = sourcecode.swift; path = ContentView.swift; sourceTree = "<group>"; };
		403988B129CF119A00717928 /* Assets.xcassets */ = {isa = PBXFileReference; lastKnownFileType = folder.assetcatalog; path = Assets.xcassets; sourceTree = "<group>"; };
		403988B429CF119A00717928 /* Preview Assets.xcassets */ = {isa = PBXFileReference; lastKnownFileType = folder.assetcatalog; path = "Preview Assets.xcassets"; sourceTree = "<group>"; };
		403988BA29CF119A00717928 /* swiftui-combine-mvvm-exampleTests.xctest */ = {isa = PBXFileReference; explicitFileType = wrapper.cfbundle; includeInIndex = 0; path = "swiftui-combine-mvvm-exampleTests.xctest"; sourceTree = BUILT_PRODUCTS_DIR; };
		403988BE29CF119A00717928 /* swiftui_combine_mvvm_exampleTests.swift */ = {isa = PBXFileReference; lastKnownFileType = sourcecode.swift; path = swiftui_combine_mvvm_exampleTests.swift; sourceTree = "<group>"; };
		403988C429CF119A00717928 /* swiftui-combine-mvvm-exampleUITests.xctest */ = {isa = PBXFileReference; explicitFileType = wrapper.cfbundle; includeInIndex = 0; path = "swiftui-combine-mvvm-exampleUITests.xctest"; sourceTree = BUILT_PRODUCTS_DIR; };
		403988C829CF119A00717928 /* swiftui_combine_mvvm_exampleUITests.swift */ = {isa = PBXFileReference; lastKnownFileType = sourcecode.swift; path = swiftui_combine_mvvm_exampleUITests.swift; sourceTree = "<group>"; };
		403988CA29CF119A00717928 /* swiftui_combine_mvvm_exampleUITestsLaunchTests.swift */ = {isa = PBXFileReference; lastKnownFileType = sourcecode.swift; path = swiftui_combine_mvvm_exampleUITestsLaunchTests.swift; sourceTree = "<group>"; };
		403988DB29CF14A900717928 /* RateListView.swift */ = {isa = PBXFileReference; lastKnownFileType = sourcecode.swift; path = RateListView.swift; sourceTree = "<group>"; };
		403988DD29CF161200717928 /* Images.xcassets */ = {isa = PBXFileReference; lastKnownFileType = folder.assetcatalog; path = Images.xcassets; sourceTree = "<group>"; };
		403988E029CF172700717928 /* ArticleListView.swift */ = {isa = PBXFileReference; lastKnownFileType = sourcecode.swift; path = ArticleListView.swift; sourceTree = "<group>"; };
		403988E229CF1AFC00717928 /* sample.png */ = {isa = PBXFileReference; lastKnownFileType = image.png; path = sample.png; sourceTree = "<group>"; };
		403988E729CF1C9B00717928 /* RateTextView.swift */ = {isa = PBXFileReference; lastKnownFileType = sourcecode.swift; path = RateTextView.swift; sourceTree = "<group>"; };
		403988E929CF214900717928 /* RateSubTextView.swift */ = {isa = PBXFileReference; lastKnownFileType = sourcecode.swift; path = RateSubTextView.swift; sourceTree = "<group>"; };
		403988EC29CFD0DB00717928 /* RoundedModifier.swift */ = {isa = PBXFileReference; lastKnownFileType = sourcecode.swift; path = RoundedModifier.swift; sourceTree = "<group>"; };
		403988EE29CFD11D00717928 /* ShadowModifier.swift */ = {isa = PBXFileReference; lastKnownFileType = sourcecode.swift; path = ShadowModifier.swift; sourceTree = "<group>"; };
		403988F129CFD1E100717928 /* Style+Extensions.swift */ = {isa = PBXFileReference; lastKnownFileType = sourcecode.swift; path = "Style+Extensions.swift"; sourceTree = "<group>"; };
		403988F329CFD38500717928 /* FontModifier.swift */ = {isa = PBXFileReference; lastKnownFileType = sourcecode.swift; path = FontModifier.swift; sourceTree = "<group>"; };
		403988F729CFD91D00717928 /* Colors.xcassets */ = {isa = PBXFileReference; lastKnownFileType = folder.assetcatalog; path = Colors.xcassets; sourceTree = "<group>"; };
		4039890029CFE1E400717928 /* constants.swift */ = {isa = PBXFileReference; lastKnownFileType = sourcecode.swift; path = constants.swift; sourceTree = "<group>"; };
		4039891929CFE22500717928 /* swiftui-combine-mvvm-example-stg.app */ = {isa = PBXFileReference; explicitFileType = wrapper.application; includeInIndex = 0; path = "swiftui-combine-mvvm-example-stg.app"; sourceTree = BUILT_PRODUCTS_DIR; };
		4039893129CFE22700717928 /* swiftui-combine-mvvm-example.app */ = {isa = PBXFileReference; explicitFileType = wrapper.application; includeInIndex = 0; path = "swiftui-combine-mvvm-example.app"; sourceTree = BUILT_PRODUCTS_DIR; };
		4039893229CFE28D00717928 /* constants.swift */ = {isa = PBXFileReference; fileEncoding = 4; lastKnownFileType = sourcecode.swift; path = constants.swift; sourceTree = "<group>"; };
		4039893529CFE2B600717928 /* constants.swift */ = {isa = PBXFileReference; fileEncoding = 4; lastKnownFileType = sourcecode.swift; path = constants.swift; sourceTree = "<group>"; };
		4039893B29D93AA900717928 /* UIChartRepresentable.swift */ = {isa = PBXFileReference; lastKnownFileType = sourcecode.swift; path = UIChartRepresentable.swift; sourceTree = "<group>"; };
		4039893F29D93C7B00717928 /* RateCurrencyView.swift */ = {isa = PBXFileReference; lastKnownFileType = sourcecode.swift; path = RateCurrencyView.swift; sourceTree = "<group>"; };
		4039894329D9434F00717928 /* RateSpreadView.swift */ = {isa = PBXFileReference; lastKnownFileType = sourcecode.swift; path = RateSpreadView.swift; sourceTree = "<group>"; };
		4039894729D9438E00717928 /* RateBeforeDayView.swift */ = {isa = PBXFileReference; lastKnownFileType = sourcecode.swift; path = RateBeforeDayView.swift; sourceTree = "<group>"; };
		4039894B29D94D1900717928 /* RateInfoRowView.swift */ = {isa = PBXFileReference; lastKnownFileType = sourcecode.swift; path = RateInfoRowView.swift; sourceTree = "<group>"; };
		4039894F29D94E2500717928 /* RateBoardView.swift */ = {isa = PBXFileReference; lastKnownFileType = sourcecode.swift; path = RateBoardView.swift; sourceTree = "<group>"; };
		4039895329D94FA400717928 /* RateCellView.swift */ = {isa = PBXFileReference; lastKnownFileType = sourcecode.swift; path = RateCellView.swift; sourceTree = "<group>"; };
/* End PBXFileReference section */

/* Begin PBXFrameworksBuildPhase section */
		403988A729CF119900717928 /* Frameworks */ = {
			isa = PBXFrameworksBuildPhase;
			buildActionMask = 2147483647;
			files = (
			);
			runOnlyForDeploymentPostprocessing = 0;
		};
		403988B729CF119A00717928 /* Frameworks */ = {
			isa = PBXFrameworksBuildPhase;
			buildActionMask = 2147483647;
			files = (
			);
			runOnlyForDeploymentPostprocessing = 0;
		};
		403988C129CF119A00717928 /* Frameworks */ = {
			isa = PBXFrameworksBuildPhase;
			buildActionMask = 2147483647;
			files = (
			);
			runOnlyForDeploymentPostprocessing = 0;
		};
		4039890F29CFE22500717928 /* Frameworks */ = {
			isa = PBXFrameworksBuildPhase;
			buildActionMask = 2147483647;
			files = (
			);
			runOnlyForDeploymentPostprocessing = 0;
		};
		4039892729CFE22700717928 /* Frameworks */ = {
			isa = PBXFrameworksBuildPhase;
			buildActionMask = 2147483647;
			files = (
			);
			runOnlyForDeploymentPostprocessing = 0;
		};
/* End PBXFrameworksBuildPhase section */

/* Begin PBXGroup section */
		403988A129CF119900717928 = {
			isa = PBXGroup;
			children = (
				403988AC29CF119900717928 /* swiftui-combine-mvvm-example */,
				403988BD29CF119A00717928 /* swiftui-combine-mvvm-exampleTests */,
				403988C729CF119A00717928 /* swiftui-combine-mvvm-exampleUITests */,
				403988AB29CF119900717928 /* Products */,
			);
			sourceTree = "<group>";
		};
		403988AB29CF119900717928 /* Products */ = {
			isa = PBXGroup;
			children = (
				403988AA29CF119900717928 /* swiftui-combine-mvvm-example-dev.app */,
				403988BA29CF119A00717928 /* swiftui-combine-mvvm-exampleTests.xctest */,
				403988C429CF119A00717928 /* swiftui-combine-mvvm-exampleUITests.xctest */,
				4039891929CFE22500717928 /* swiftui-combine-mvvm-example-stg.app */,
				4039893129CFE22700717928 /* swiftui-combine-mvvm-example.app */,
			);
			name = Products;
			sourceTree = "<group>";
		};
		403988AC29CF119900717928 /* swiftui-combine-mvvm-example */ = {
			isa = PBXGroup;
			children = (
				403988FC29CFE17100717928 /* environment */,
				403988FB29CFE16A00717928 /* infra */,
				403988FA29CFE16600717928 /* data */,
				403988F929CFE15E00717928 /* domain */,
				403988D729CF126400717928 /* presentation */,
				403988AD29CF119900717928 /* swiftui_combine_mvvm_exampleApp.swift */,
				403988B129CF119A00717928 /* Assets.xcassets */,
				403988F729CFD91D00717928 /* Colors.xcassets */,
				403988DD29CF161200717928 /* Images.xcassets */,
				403988B329CF119A00717928 /* Preview Content */,
			);
			path = "swiftui-combine-mvvm-example";
			sourceTree = "<group>";
		};
		403988B329CF119A00717928 /* Preview Content */ = {
			isa = PBXGroup;
			children = (
				403988B429CF119A00717928 /* Preview Assets.xcassets */,
			);
			path = "Preview Content";
			sourceTree = "<group>";
		};
		403988BD29CF119A00717928 /* swiftui-combine-mvvm-exampleTests */ = {
			isa = PBXGroup;
			children = (
				403988BE29CF119A00717928 /* swiftui_combine_mvvm_exampleTests.swift */,
			);
			path = "swiftui-combine-mvvm-exampleTests";
			sourceTree = "<group>";
		};
		403988C729CF119A00717928 /* swiftui-combine-mvvm-exampleUITests */ = {
			isa = PBXGroup;
			children = (
				403988C829CF119A00717928 /* swiftui_combine_mvvm_exampleUITests.swift */,
				403988CA29CF119A00717928 /* swiftui_combine_mvvm_exampleUITestsLaunchTests.swift */,
			);
			path = "swiftui-combine-mvvm-exampleUITests";
			sourceTree = "<group>";
		};
		403988D729CF126400717928 /* presentation */ = {
			isa = PBXGroup;
			children = (
				403988E229CF1AFC00717928 /* sample.png */,
				403988F029CFD1C500717928 /* extensions */,
				403988EB29CFD0AC00717928 /* modifiers */,
				403988D929CF146E00717928 /* compoments */,
				403988D829CF127100717928 /* views */,
			);
			path = presentation;
			sourceTree = "<group>";
		};
		403988D829CF127100717928 /* views */ = {
			isa = PBXGroup;
			children = (
				403988AF29CF119900717928 /* ContentView.swift */,
				403988DA29CF149300717928 /* rate */,
				403988DF29CF171500717928 /* article */,
			);
			path = views;
			sourceTree = "<group>";
		};
		403988D929CF146E00717928 /* compoments */ = {
			isa = PBXGroup;
			children = (
				403988E429CF1B3A00717928 /* atoms */,
				403988E529CF1B4C00717928 /* molecules */,
				403988E629CF1B9D00717928 /* organisms */,
			);
			path = compoments;
			sourceTree = "<group>";
		};
		403988DA29CF149300717928 /* rate */ = {
			isa = PBXGroup;
			children = (
				403988DB29CF14A900717928 /* RateListView.swift */,
			);
			path = rate;
			sourceTree = "<group>";
		};
		403988DF29CF171500717928 /* article */ = {
			isa = PBXGroup;
			children = (
				403988E029CF172700717928 /* ArticleListView.swift */,
			);
			path = article;
			sourceTree = "<group>";
		};
		403988E429CF1B3A00717928 /* atoms */ = {
			isa = PBXGroup;
			children = (
				4039893F29D93C7B00717928 /* RateCurrencyView.swift */,
				4039894329D9434F00717928 /* RateSpreadView.swift */,
				4039894729D9438E00717928 /* RateBeforeDayView.swift */,
				403988E729CF1C9B00717928 /* RateTextView.swift */,
				403988E929CF214900717928 /* RateSubTextView.swift */,
				4039893B29D93AA900717928 /* UIChartRepresentable.swift */,
			);
			path = atoms;
			sourceTree = "<group>";
		};
		403988E529CF1B4C00717928 /* molecules */ = {
			isa = PBXGroup;
			children = (
				4039894B29D94D1900717928 /* RateInfoRowView.swift */,
				4039894F29D94E2500717928 /* RateBoardView.swift */,
			);
			path = molecules;
			sourceTree = "<group>";
		};
		403988E629CF1B9D00717928 /* organisms */ = {
			isa = PBXGroup;
			children = (
				4039895329D94FA400717928 /* RateCellView.swift */,
			);
			path = organisms;
			sourceTree = "<group>";
		};
		403988EB29CFD0AC00717928 /* modifiers */ = {
			isa = PBXGroup;
			children = (
				403988F329CFD38500717928 /* FontModifier.swift */,
				403988EC29CFD0DB00717928 /* RoundedModifier.swift */,
				403988EE29CFD11D00717928 /* ShadowModifier.swift */,
			);
			path = modifiers;
			sourceTree = "<group>";
		};
		403988F029CFD1C500717928 /* extensions */ = {
			isa = PBXGroup;
			children = (
				403988F129CFD1E100717928 /* Style+Extensions.swift */,
			);
			path = extensions;
			sourceTree = "<group>";
		};
		403988F929CFE15E00717928 /* domain */ = {
			isa = PBXGroup;
			children = (
				4039893829CFE32200717928 /* repository */,
			);
			path = domain;
			sourceTree = "<group>";
		};
		403988FA29CFE16600717928 /* data */ = {
			isa = PBXGroup;
			children = (
				4039893A29CFE35300717928 /* datasource */,
				4039893929CFE33D00717928 /* repositoryImpl */,
			);
			path = data;
			sourceTree = "<group>";
		};
		403988FB29CFE16A00717928 /* infra */ = {
			isa = PBXGroup;
			children = (
				4039893729CFE30300717928 /* api */,
			);
			path = infra;
			sourceTree = "<group>";
		};
		403988FC29CFE17100717928 /* environment */ = {
			isa = PBXGroup;
			children = (
				403988FD29CFE19100717928 /* dev */,
				403988FE29CFE19600717928 /* stg */,
				403988FF29CFE19B00717928 /* prod */,
			);
			path = environment;
			sourceTree = "<group>";
		};
		403988FD29CFE19100717928 /* dev */ = {
			isa = PBXGroup;
			children = (
				4039890029CFE1E400717928 /* constants.swift */,
			);
			path = dev;
			sourceTree = "<group>";
		};
		403988FE29CFE19600717928 /* stg */ = {
			isa = PBXGroup;
			children = (
				4039893229CFE28D00717928 /* constants.swift */,
			);
			path = stg;
			sourceTree = "<group>";
		};
		403988FF29CFE19B00717928 /* prod */ = {
			isa = PBXGroup;
			children = (
				4039893529CFE2B600717928 /* constants.swift */,
			);
			path = prod;
			sourceTree = "<group>";
		};
		4039893729CFE30300717928 /* api */ = {
			isa = PBXGroup;
			children = (
			);
			path = api;
			sourceTree = "<group>";
		};
		4039893829CFE32200717928 /* repository */ = {
			isa = PBXGroup;
			children = (
			);
			path = repository;
			sourceTree = "<group>";
		};
		4039893929CFE33D00717928 /* repositoryImpl */ = {
			isa = PBXGroup;
			children = (
			);
			path = repositoryImpl;
			sourceTree = "<group>";
		};
		4039893A29CFE35300717928 /* datasource */ = {
			isa = PBXGroup;
			children = (
			);
			path = datasource;
			sourceTree = "<group>";
		};
/* End PBXGroup section */

/* Begin PBXNativeTarget section */
		403988A929CF119900717928 /* swiftui-combine-mvvm-example-dev */ = {
			isa = PBXNativeTarget;
			buildConfigurationList = 403988CE29CF119A00717928 /* Build configuration list for PBXNativeTarget "swiftui-combine-mvvm-example-dev" */;
			buildPhases = (
				403988A629CF119900717928 /* Sources */,
				403988A729CF119900717928 /* Frameworks */,
				403988A829CF119900717928 /* Resources */,
			);
			buildRules = (
			);
			dependencies = (
			);
			name = "swiftui-combine-mvvm-example-dev";
			productName = "swiftui-combine-mvvm-example";
			productReference = 403988AA29CF119900717928 /* swiftui-combine-mvvm-example-dev.app */;
			productType = "com.apple.product-type.application";
		};
		403988B929CF119A00717928 /* swiftui-combine-mvvm-exampleTests */ = {
			isa = PBXNativeTarget;
			buildConfigurationList = 403988D129CF119A00717928 /* Build configuration list for PBXNativeTarget "swiftui-combine-mvvm-exampleTests" */;
			buildPhases = (
				403988B629CF119A00717928 /* Sources */,
				403988B729CF119A00717928 /* Frameworks */,
				403988B829CF119A00717928 /* Resources */,
			);
			buildRules = (
			);
			dependencies = (
				403988BC29CF119A00717928 /* PBXTargetDependency */,
			);
			name = "swiftui-combine-mvvm-exampleTests";
			productName = "swiftui-combine-mvvm-exampleTests";
			productReference = 403988BA29CF119A00717928 /* swiftui-combine-mvvm-exampleTests.xctest */;
			productType = "com.apple.product-type.bundle.unit-test";
		};
		403988C329CF119A00717928 /* swiftui-combine-mvvm-exampleUITests */ = {
			isa = PBXNativeTarget;
			buildConfigurationList = 403988D429CF119A00717928 /* Build configuration list for PBXNativeTarget "swiftui-combine-mvvm-exampleUITests" */;
			buildPhases = (
				403988C029CF119A00717928 /* Sources */,
				403988C129CF119A00717928 /* Frameworks */,
				403988C229CF119A00717928 /* Resources */,
			);
			buildRules = (
			);
			dependencies = (
				403988C629CF119A00717928 /* PBXTargetDependency */,
			);
			name = "swiftui-combine-mvvm-exampleUITests";
			productName = "swiftui-combine-mvvm-exampleUITests";
			productReference = 403988C429CF119A00717928 /* swiftui-combine-mvvm-exampleUITests.xctest */;
			productType = "com.apple.product-type.bundle.ui-testing";
		};
		4039890229CFE22500717928 /* swiftui-combine-mvvm-example-stg */ = {
			isa = PBXNativeTarget;
			buildConfigurationList = 4039891629CFE22500717928 /* Build configuration list for PBXNativeTarget "swiftui-combine-mvvm-example-stg" */;
			buildPhases = (
				4039890329CFE22500717928 /* Sources */,
				4039890F29CFE22500717928 /* Frameworks */,
				4039891029CFE22500717928 /* Resources */,
			);
			buildRules = (
			);
			dependencies = (
			);
			name = "swiftui-combine-mvvm-example-stg";
			productName = "swiftui-combine-mvvm-example";
			productReference = 4039891929CFE22500717928 /* swiftui-combine-mvvm-example-stg.app */;
			productType = "com.apple.product-type.application";
		};
		4039891A29CFE22700717928 /* swiftui-combine-mvvm-example */ = {
			isa = PBXNativeTarget;
			buildConfigurationList = 4039892E29CFE22700717928 /* Build configuration list for PBXNativeTarget "swiftui-combine-mvvm-example" */;
			buildPhases = (
				4039891B29CFE22700717928 /* Sources */,
				4039892729CFE22700717928 /* Frameworks */,
				4039892829CFE22700717928 /* Resources */,
			);
			buildRules = (
			);
			dependencies = (
			);
			name = "swiftui-combine-mvvm-example";
			productName = "swiftui-combine-mvvm-example";
			productReference = 4039893129CFE22700717928 /* swiftui-combine-mvvm-example.app */;
			productType = "com.apple.product-type.application";
		};
/* End PBXNativeTarget section */

/* Begin PBXProject section */
		403988A229CF119900717928 /* Project object */ = {
			isa = PBXProject;
			attributes = {
				BuildIndependentTargetsInParallel = 1;
				LastSwiftUpdateCheck = 1340;
				LastUpgradeCheck = 1340;
				TargetAttributes = {
					403988A929CF119900717928 = {
						CreatedOnToolsVersion = 13.4.1;
					};
					403988B929CF119A00717928 = {
						CreatedOnToolsVersion = 13.4.1;
						TestTargetID = 403988A929CF119900717928;
					};
					403988C329CF119A00717928 = {
						CreatedOnToolsVersion = 13.4.1;
						TestTargetID = 403988A929CF119900717928;
					};
				};
			};
			buildConfigurationList = 403988A529CF119900717928 /* Build configuration list for PBXProject "swiftui-combine-mvvm-example" */;
			compatibilityVersion = "Xcode 13.0";
			developmentRegion = en;
			hasScannedForEncodings = 0;
			knownRegions = (
				en,
				Base,
			);
			mainGroup = 403988A129CF119900717928;
			productRefGroup = 403988AB29CF119900717928 /* Products */;
			projectDirPath = "";
			projectRoot = "";
			targets = (
				403988A929CF119900717928 /* swiftui-combine-mvvm-example-dev */,
				4039890229CFE22500717928 /* swiftui-combine-mvvm-example-stg */,
				4039891A29CFE22700717928 /* swiftui-combine-mvvm-example */,
				403988B929CF119A00717928 /* swiftui-combine-mvvm-exampleTests */,
				403988C329CF119A00717928 /* swiftui-combine-mvvm-exampleUITests */,
			);
		};
/* End PBXProject section */

/* Begin PBXResourcesBuildPhase section */
		403988A829CF119900717928 /* Resources */ = {
			isa = PBXResourcesBuildPhase;
			buildActionMask = 2147483647;
			files = (
				403988F829CFD91D00717928 /* Colors.xcassets in Resources */,
				403988DE29CF161200717928 /* Images.xcassets in Resources */,
				403988B529CF119A00717928 /* Preview Assets.xcassets in Resources */,
				403988B229CF119A00717928 /* Assets.xcassets in Resources */,
				403988E329CF1AFC00717928 /* sample.png in Resources */,
			);
			runOnlyForDeploymentPostprocessing = 0;
		};
		403988B829CF119A00717928 /* Resources */ = {
			isa = PBXResourcesBuildPhase;
			buildActionMask = 2147483647;
			files = (
			);
			runOnlyForDeploymentPostprocessing = 0;
		};
		403988C229CF119A00717928 /* Resources */ = {
			isa = PBXResourcesBuildPhase;
			buildActionMask = 2147483647;
			files = (
			);
			runOnlyForDeploymentPostprocessing = 0;
		};
		4039891029CFE22500717928 /* Resources */ = {
			isa = PBXResourcesBuildPhase;
			buildActionMask = 2147483647;
			files = (
				4039891129CFE22500717928 /* Colors.xcassets in Resources */,
				4039891229CFE22500717928 /* Images.xcassets in Resources */,
				4039891329CFE22500717928 /* Preview Assets.xcassets in Resources */,
				4039891429CFE22500717928 /* Assets.xcassets in Resources */,
				4039891529CFE22500717928 /* sample.png in Resources */,
			);
			runOnlyForDeploymentPostprocessing = 0;
		};
		4039892829CFE22700717928 /* Resources */ = {
			isa = PBXResourcesBuildPhase;
			buildActionMask = 2147483647;
			files = (
				4039892929CFE22700717928 /* Colors.xcassets in Resources */,
				4039892A29CFE22700717928 /* Images.xcassets in Resources */,
				4039892B29CFE22700717928 /* Preview Assets.xcassets in Resources */,
				4039892C29CFE22700717928 /* Assets.xcassets in Resources */,
				4039892D29CFE22700717928 /* sample.png in Resources */,
			);
			runOnlyForDeploymentPostprocessing = 0;
		};
/* End PBXResourcesBuildPhase section */

/* Begin PBXSourcesBuildPhase section */
		403988A629CF119900717928 /* Sources */ = {
			isa = PBXSourcesBuildPhase;
			buildActionMask = 2147483647;
			files = (
				403988B029CF119900717928 /* ContentView.swift in Sources */,
				4039894429D9434F00717928 /* RateSpreadView.swift in Sources */,
				4039895029D94E2500717928 /* RateBoardView.swift in Sources */,
				4039894029D93C7B00717928 /* RateCurrencyView.swift in Sources */,
				4039893C29D93AA900717928 /* UIChartRepresentable.swift in Sources */,
				4039894829D9438E00717928 /* RateBeforeDayView.swift in Sources */,
				403988F229CFD1E100717928 /* Style+Extensions.swift in Sources */,
				403988AE29CF119900717928 /* swiftui_combine_mvvm_exampleApp.swift in Sources */,
				403988EA29CF214900717928 /* RateSubTextView.swift in Sources */,
				4039890129CFE1E400717928 /* constants.swift in Sources */,
				4039895429D94FA400717928 /* RateCellView.swift in Sources */,
				403988DC29CF14A900717928 /* RateListView.swift in Sources */,
				403988EF29CFD11D00717928 /* ShadowModifier.swift in Sources */,
				403988E129CF172700717928 /* ArticleListView.swift in Sources */,
				4039894C29D94D1900717928 /* RateInfoRowView.swift in Sources */,
				403988F429CFD38500717928 /* FontModifier.swift in Sources */,
				403988ED29CFD0DB00717928 /* RoundedModifier.swift in Sources */,
				403988E829CF1C9B00717928 /* RateTextView.swift in Sources */,
			);
			runOnlyForDeploymentPostprocessing = 0;
		};
		403988B629CF119A00717928 /* Sources */ = {
			isa = PBXSourcesBuildPhase;
			buildActionMask = 2147483647;
			files = (
				403988BF29CF119A00717928 /* swiftui_combine_mvvm_exampleTests.swift in Sources */,
			);
			runOnlyForDeploymentPostprocessing = 0;
		};
		403988C029CF119A00717928 /* Sources */ = {
			isa = PBXSourcesBuildPhase;
			buildActionMask = 2147483647;
			files = (
				403988C929CF119A00717928 /* swiftui_combine_mvvm_exampleUITests.swift in Sources */,
				403988CB29CF119A00717928 /* swiftui_combine_mvvm_exampleUITestsLaunchTests.swift in Sources */,
			);
			runOnlyForDeploymentPostprocessing = 0;
		};
		4039890329CFE22500717928 /* Sources */ = {
			isa = PBXSourcesBuildPhase;
			buildActionMask = 2147483647;
			files = (
				4039890429CFE22500717928 /* ContentView.swift in Sources */,
				4039894529D9434F00717928 /* RateSpreadView.swift in Sources */,
				4039895129D94E2500717928 /* RateBoardView.swift in Sources */,
				4039894129D93C7B00717928 /* RateCurrencyView.swift in Sources */,
				4039893D29D93AA900717928 /* UIChartRepresentable.swift in Sources */,
				4039894929D9438E00717928 /* RateBeforeDayView.swift in Sources */,
				4039890529CFE22500717928 /* Style+Extensions.swift in Sources */,
				4039890629CFE22500717928 /* swiftui_combine_mvvm_exampleApp.swift in Sources */,
				4039890729CFE22500717928 /* RateSubTextView.swift in Sources */,
				4039890929CFE22500717928 /* RateListView.swift in Sources */,
				4039895529D94FA400717928 /* RateCellView.swift in Sources */,
				4039890A29CFE22500717928 /* ShadowModifier.swift in Sources */,
				4039890B29CFE22500717928 /* ArticleListView.swift in Sources */,
				4039890C29CFE22500717928 /* FontModifier.swift in Sources */,
				4039894D29D94D1900717928 /* RateInfoRowView.swift in Sources */,
				4039890D29CFE22500717928 /* RoundedModifier.swift in Sources */,
				4039890E29CFE22500717928 /* RateTextView.swift in Sources */,
				4039893329CFE28D00717928 /* constants.swift in Sources */,
			);
			runOnlyForDeploymentPostprocessing = 0;
		};
		4039891B29CFE22700717928 /* Sources */ = {
			isa = PBXSourcesBuildPhase;
			buildActionMask = 2147483647;
			files = (
				4039891C29CFE22700717928 /* ContentView.swift in Sources */,
				4039894629D9434F00717928 /* RateSpreadView.swift in Sources */,
				4039895229D94E2500717928 /* RateBoardView.swift in Sources */,
				4039894229D93C7B00717928 /* RateCurrencyView.swift in Sources */,
				4039893E29D93AA900717928 /* UIChartRepresentable.swift in Sources */,
				4039894A29D9438E00717928 /* RateBeforeDayView.swift in Sources */,
				4039891D29CFE22700717928 /* Style+Extensions.swift in Sources */,
				4039891E29CFE22700717928 /* swiftui_combine_mvvm_exampleApp.swift in Sources */,
				4039891F29CFE22700717928 /* RateSubTextView.swift in Sources */,
				4039893629CFE2B600717928 /* constants.swift in Sources */,
				4039895629D94FA400717928 /* RateCellView.swift in Sources */,
				4039892129CFE22700717928 /* RateListView.swift in Sources */,
				4039892229CFE22700717928 /* ShadowModifier.swift in Sources */,
				4039892329CFE22700717928 /* ArticleListView.swift in Sources */,
				4039894E29D94D1900717928 /* RateInfoRowView.swift in Sources */,
				4039892429CFE22700717928 /* FontModifier.swift in Sources */,
				4039892529CFE22700717928 /* RoundedModifier.swift in Sources */,
				4039892629CFE22700717928 /* RateTextView.swift in Sources */,
			);
			runOnlyForDeploymentPostprocessing = 0;
		};
/* End PBXSourcesBuildPhase section */

/* Begin PBXTargetDependency section */
		403988BC29CF119A00717928 /* PBXTargetDependency */ = {
			isa = PBXTargetDependency;
			target = 403988A929CF119900717928 /* swiftui-combine-mvvm-example-dev */;
			targetProxy = 403988BB29CF119A00717928 /* PBXContainerItemProxy */;
		};
		403988C629CF119A00717928 /* PBXTargetDependency */ = {
			isa = PBXTargetDependency;
			target = 403988A929CF119900717928 /* swiftui-combine-mvvm-example-dev */;
			targetProxy = 403988C529CF119A00717928 /* PBXContainerItemProxy */;
		};
/* End PBXTargetDependency section */

/* Begin XCBuildConfiguration section */
		403988CC29CF119A00717928 /* Debug */ = {
			isa = XCBuildConfiguration;
			buildSettings = {
				ALWAYS_SEARCH_USER_PATHS = NO;
				CLANG_ANALYZER_NONNULL = YES;
				CLANG_ANALYZER_NUMBER_OBJECT_CONVERSION = YES_AGGRESSIVE;
				CLANG_CXX_LANGUAGE_STANDARD = "gnu++17";
				CLANG_ENABLE_MODULES = YES;
				CLANG_ENABLE_OBJC_ARC = YES;
				CLANG_ENABLE_OBJC_WEAK = YES;
				CLANG_WARN_BLOCK_CAPTURE_AUTORELEASING = YES;
				CLANG_WARN_BOOL_CONVERSION = YES;
				CLANG_WARN_COMMA = YES;
				CLANG_WARN_CONSTANT_CONVERSION = YES;
				CLANG_WARN_DEPRECATED_OBJC_IMPLEMENTATIONS = YES;
				CLANG_WARN_DIRECT_OBJC_ISA_USAGE = YES_ERROR;
				CLANG_WARN_DOCUMENTATION_COMMENTS = YES;
				CLANG_WARN_EMPTY_BODY = YES;
				CLANG_WARN_ENUM_CONVERSION = YES;
				CLANG_WARN_INFINITE_RECURSION = YES;
				CLANG_WARN_INT_CONVERSION = YES;
				CLANG_WARN_NON_LITERAL_NULL_CONVERSION = YES;
				CLANG_WARN_OBJC_IMPLICIT_RETAIN_SELF = YES;
				CLANG_WARN_OBJC_LITERAL_CONVERSION = YES;
				CLANG_WARN_OBJC_ROOT_CLASS = YES_ERROR;
				CLANG_WARN_QUOTED_INCLUDE_IN_FRAMEWORK_HEADER = YES;
				CLANG_WARN_RANGE_LOOP_ANALYSIS = YES;
				CLANG_WARN_STRICT_PROTOTYPES = YES;
				CLANG_WARN_SUSPICIOUS_MOVE = YES;
				CLANG_WARN_UNGUARDED_AVAILABILITY = YES_AGGRESSIVE;
				CLANG_WARN_UNREACHABLE_CODE = YES;
				CLANG_WARN__DUPLICATE_METHOD_MATCH = YES;
				COPY_PHASE_STRIP = NO;
				DEBUG_INFORMATION_FORMAT = dwarf;
				ENABLE_STRICT_OBJC_MSGSEND = YES;
				ENABLE_TESTABILITY = YES;
				GCC_C_LANGUAGE_STANDARD = gnu11;
				GCC_DYNAMIC_NO_PIC = NO;
				GCC_NO_COMMON_BLOCKS = YES;
				GCC_OPTIMIZATION_LEVEL = 0;
				GCC_PREPROCESSOR_DEFINITIONS = (
					"DEBUG=1",
					"$(inherited)",
				);
				GCC_WARN_64_TO_32_BIT_CONVERSION = YES;
				GCC_WARN_ABOUT_RETURN_TYPE = YES_ERROR;
				GCC_WARN_UNDECLARED_SELECTOR = YES;
				GCC_WARN_UNINITIALIZED_AUTOS = YES_AGGRESSIVE;
				GCC_WARN_UNUSED_FUNCTION = YES;
				GCC_WARN_UNUSED_VARIABLE = YES;
				IPHONEOS_DEPLOYMENT_TARGET = 15.5;
				MTL_ENABLE_DEBUG_INFO = INCLUDE_SOURCE;
				MTL_FAST_MATH = YES;
				ONLY_ACTIVE_ARCH = YES;
				SDKROOT = iphoneos;
				SWIFT_ACTIVE_COMPILATION_CONDITIONS = DEBUG;
				SWIFT_OPTIMIZATION_LEVEL = "-Onone";
			};
			name = Debug;
		};
		403988CD29CF119A00717928 /* Release */ = {
			isa = XCBuildConfiguration;
			buildSettings = {
				ALWAYS_SEARCH_USER_PATHS = NO;
				CLANG_ANALYZER_NONNULL = YES;
				CLANG_ANALYZER_NUMBER_OBJECT_CONVERSION = YES_AGGRESSIVE;
				CLANG_CXX_LANGUAGE_STANDARD = "gnu++17";
				CLANG_ENABLE_MODULES = YES;
				CLANG_ENABLE_OBJC_ARC = YES;
				CLANG_ENABLE_OBJC_WEAK = YES;
				CLANG_WARN_BLOCK_CAPTURE_AUTORELEASING = YES;
				CLANG_WARN_BOOL_CONVERSION = YES;
				CLANG_WARN_COMMA = YES;
				CLANG_WARN_CONSTANT_CONVERSION = YES;
				CLANG_WARN_DEPRECATED_OBJC_IMPLEMENTATIONS = YES;
				CLANG_WARN_DIRECT_OBJC_ISA_USAGE = YES_ERROR;
				CLANG_WARN_DOCUMENTATION_COMMENTS = YES;
				CLANG_WARN_EMPTY_BODY = YES;
				CLANG_WARN_ENUM_CONVERSION = YES;
				CLANG_WARN_INFINITE_RECURSION = YES;
				CLANG_WARN_INT_CONVERSION = YES;
				CLANG_WARN_NON_LITERAL_NULL_CONVERSION = YES;
				CLANG_WARN_OBJC_IMPLICIT_RETAIN_SELF = YES;
				CLANG_WARN_OBJC_LITERAL_CONVERSION = YES;
				CLANG_WARN_OBJC_ROOT_CLASS = YES_ERROR;
				CLANG_WARN_QUOTED_INCLUDE_IN_FRAMEWORK_HEADER = YES;
				CLANG_WARN_RANGE_LOOP_ANALYSIS = YES;
				CLANG_WARN_STRICT_PROTOTYPES = YES;
				CLANG_WARN_SUSPICIOUS_MOVE = YES;
				CLANG_WARN_UNGUARDED_AVAILABILITY = YES_AGGRESSIVE;
				CLANG_WARN_UNREACHABLE_CODE = YES;
				CLANG_WARN__DUPLICATE_METHOD_MATCH = YES;
				COPY_PHASE_STRIP = NO;
				DEBUG_INFORMATION_FORMAT = "dwarf-with-dsym";
				ENABLE_NS_ASSERTIONS = NO;
				ENABLE_STRICT_OBJC_MSGSEND = YES;
				GCC_C_LANGUAGE_STANDARD = gnu11;
				GCC_NO_COMMON_BLOCKS = YES;
				GCC_WARN_64_TO_32_BIT_CONVERSION = YES;
				GCC_WARN_ABOUT_RETURN_TYPE = YES_ERROR;
				GCC_WARN_UNDECLARED_SELECTOR = YES;
				GCC_WARN_UNINITIALIZED_AUTOS = YES_AGGRESSIVE;
				GCC_WARN_UNUSED_FUNCTION = YES;
				GCC_WARN_UNUSED_VARIABLE = YES;
				IPHONEOS_DEPLOYMENT_TARGET = 15.5;
				MTL_ENABLE_DEBUG_INFO = NO;
				MTL_FAST_MATH = YES;
				SDKROOT = iphoneos;
				SWIFT_COMPILATION_MODE = wholemodule;
				SWIFT_OPTIMIZATION_LEVEL = "-O";
				VALIDATE_PRODUCT = YES;
			};
			name = Release;
		};
		403988CF29CF119A00717928 /* Debug */ = {
			isa = XCBuildConfiguration;
			buildSettings = {
				ASSETCATALOG_COMPILER_APPICON_NAME = AppIcon;
				ASSETCATALOG_COMPILER_GLOBAL_ACCENT_COLOR_NAME = AccentColor;
				CODE_SIGN_STYLE = Automatic;
				CURRENT_PROJECT_VERSION = 1;
				DEVELOPMENT_ASSET_PATHS = "\"swiftui-combine-mvvm-example/Preview Content\"";
				DEVELOPMENT_TEAM = QN8T3L2FUY;
				ENABLE_PREVIEWS = YES;
				GENERATE_INFOPLIST_FILE = YES;
				INFOPLIST_KEY_UIApplicationSceneManifest_Generation = YES;
				INFOPLIST_KEY_UIApplicationSupportsIndirectInputEvents = YES;
				INFOPLIST_KEY_UILaunchScreen_Generation = YES;
				INFOPLIST_KEY_UISupportedInterfaceOrientations_iPad = "UIInterfaceOrientationPortrait UIInterfaceOrientationPortraitUpsideDown UIInterfaceOrientationLandscapeLeft UIInterfaceOrientationLandscapeRight";
				INFOPLIST_KEY_UISupportedInterfaceOrientations_iPhone = "UIInterfaceOrientationPortrait UIInterfaceOrientationLandscapeLeft UIInterfaceOrientationLandscapeRight";
				LD_RUNPATH_SEARCH_PATHS = (
					"$(inherited)",
					"@executable_path/Frameworks",
				);
				MARKETING_VERSION = 1.0;
				PRODUCT_BUNDLE_IDENTIFIER = "work.shinatomo.swiftui-combine-mvvm-example";
				PRODUCT_NAME = "$(TARGET_NAME)";
				SWIFT_EMIT_LOC_STRINGS = YES;
				SWIFT_VERSION = 5.0;
				TARGETED_DEVICE_FAMILY = "1,2";
			};
			name = Debug;
		};
		403988D029CF119A00717928 /* Release */ = {
			isa = XCBuildConfiguration;
			buildSettings = {
				ASSETCATALOG_COMPILER_APPICON_NAME = AppIcon;
				ASSETCATALOG_COMPILER_GLOBAL_ACCENT_COLOR_NAME = AccentColor;
				CODE_SIGN_STYLE = Automatic;
				CURRENT_PROJECT_VERSION = 1;
				DEVELOPMENT_ASSET_PATHS = "\"swiftui-combine-mvvm-example/Preview Content\"";
				DEVELOPMENT_TEAM = QN8T3L2FUY;
				ENABLE_PREVIEWS = YES;
				GENERATE_INFOPLIST_FILE = YES;
				INFOPLIST_KEY_UIApplicationSceneManifest_Generation = YES;
				INFOPLIST_KEY_UIApplicationSupportsIndirectInputEvents = YES;
				INFOPLIST_KEY_UILaunchScreen_Generation = YES;
				INFOPLIST_KEY_UISupportedInterfaceOrientations_iPad = "UIInterfaceOrientationPortrait UIInterfaceOrientationPortraitUpsideDown UIInterfaceOrientationLandscapeLeft UIInterfaceOrientationLandscapeRight";
				INFOPLIST_KEY_UISupportedInterfaceOrientations_iPhone = "UIInterfaceOrientationPortrait UIInterfaceOrientationLandscapeLeft UIInterfaceOrientationLandscapeRight";
				LD_RUNPATH_SEARCH_PATHS = (
					"$(inherited)",
					"@executable_path/Frameworks",
				);
				MARKETING_VERSION = 1.0;
				PRODUCT_BUNDLE_IDENTIFIER = "work.shinatomo.swiftui-combine-mvvm-example";
				PRODUCT_NAME = "$(TARGET_NAME)";
				SWIFT_EMIT_LOC_STRINGS = YES;
				SWIFT_VERSION = 5.0;
				TARGETED_DEVICE_FAMILY = "1,2";
			};
			name = Release;
		};
		403988D229CF119A00717928 /* Debug */ = {
			isa = XCBuildConfiguration;
			buildSettings = {
				ALWAYS_EMBED_SWIFT_STANDARD_LIBRARIES = YES;
				BUNDLE_LOADER = "$(TEST_HOST)";
				CODE_SIGN_STYLE = Automatic;
				CURRENT_PROJECT_VERSION = 1;
				DEVELOPMENT_TEAM = QN8T3L2FUY;
				GENERATE_INFOPLIST_FILE = YES;
				IPHONEOS_DEPLOYMENT_TARGET = 15.5;
				MARKETING_VERSION = 1.0;
				PRODUCT_BUNDLE_IDENTIFIER = "work.shinatomo.swiftui-combine-mvvm-exampleTests";
				PRODUCT_NAME = "$(TARGET_NAME)";
				SWIFT_EMIT_LOC_STRINGS = NO;
				SWIFT_VERSION = 5.0;
				TARGETED_DEVICE_FAMILY = "1,2";
				TEST_HOST = "$(BUILT_PRODUCTS_DIR)/swiftui-combine-mvvm-example.app/swiftui-combine-mvvm-example";
			};
			name = Debug;
		};
		403988D329CF119A00717928 /* Release */ = {
			isa = XCBuildConfiguration;
			buildSettings = {
				ALWAYS_EMBED_SWIFT_STANDARD_LIBRARIES = YES;
				BUNDLE_LOADER = "$(TEST_HOST)";
				CODE_SIGN_STYLE = Automatic;
				CURRENT_PROJECT_VERSION = 1;
				DEVELOPMENT_TEAM = QN8T3L2FUY;
				GENERATE_INFOPLIST_FILE = YES;
				IPHONEOS_DEPLOYMENT_TARGET = 15.5;
				MARKETING_VERSION = 1.0;
				PRODUCT_BUNDLE_IDENTIFIER = "work.shinatomo.swiftui-combine-mvvm-exampleTests";
				PRODUCT_NAME = "$(TARGET_NAME)";
				SWIFT_EMIT_LOC_STRINGS = NO;
				SWIFT_VERSION = 5.0;
				TARGETED_DEVICE_FAMILY = "1,2";
				TEST_HOST = "$(BUILT_PRODUCTS_DIR)/swiftui-combine-mvvm-example.app/swiftui-combine-mvvm-example";
			};
			name = Release;
		};
		403988D529CF119A00717928 /* Debug */ = {
			isa = XCBuildConfiguration;
			buildSettings = {
				ALWAYS_EMBED_SWIFT_STANDARD_LIBRARIES = YES;
				CODE_SIGN_STYLE = Automatic;
				CURRENT_PROJECT_VERSION = 1;
				DEVELOPMENT_TEAM = QN8T3L2FUY;
				GENERATE_INFOPLIST_FILE = YES;
				MARKETING_VERSION = 1.0;
				PRODUCT_BUNDLE_IDENTIFIER = "work.shinatomo.swiftui-combine-mvvm-exampleUITests";
				PRODUCT_NAME = "$(TARGET_NAME)";
				SWIFT_EMIT_LOC_STRINGS = NO;
				SWIFT_VERSION = 5.0;
				TARGETED_DEVICE_FAMILY = "1,2";
				TEST_TARGET_NAME = "swiftui-combine-mvvm-example";
			};
			name = Debug;
		};
		403988D629CF119A00717928 /* Release */ = {
			isa = XCBuildConfiguration;
			buildSettings = {
				ALWAYS_EMBED_SWIFT_STANDARD_LIBRARIES = YES;
				CODE_SIGN_STYLE = Automatic;
				CURRENT_PROJECT_VERSION = 1;
				DEVELOPMENT_TEAM = QN8T3L2FUY;
				GENERATE_INFOPLIST_FILE = YES;
				MARKETING_VERSION = 1.0;
				PRODUCT_BUNDLE_IDENTIFIER = "work.shinatomo.swiftui-combine-mvvm-exampleUITests";
				PRODUCT_NAME = "$(TARGET_NAME)";
				SWIFT_EMIT_LOC_STRINGS = NO;
				SWIFT_VERSION = 5.0;
				TARGETED_DEVICE_FAMILY = "1,2";
				TEST_TARGET_NAME = "swiftui-combine-mvvm-example";
			};
			name = Release;
		};
		4039891729CFE22500717928 /* Debug */ = {
			isa = XCBuildConfiguration;
			buildSettings = {
				ASSETCATALOG_COMPILER_APPICON_NAME = AppIcon;
				ASSETCATALOG_COMPILER_GLOBAL_ACCENT_COLOR_NAME = AccentColor;
				CODE_SIGN_STYLE = Automatic;
				CURRENT_PROJECT_VERSION = 1;
				DEVELOPMENT_ASSET_PATHS = "\"swiftui-combine-mvvm-example/Preview Content\"";
				DEVELOPMENT_TEAM = QN8T3L2FUY;
				ENABLE_PREVIEWS = YES;
				GENERATE_INFOPLIST_FILE = YES;
				INFOPLIST_KEY_UIApplicationSceneManifest_Generation = YES;
				INFOPLIST_KEY_UIApplicationSupportsIndirectInputEvents = YES;
				INFOPLIST_KEY_UILaunchScreen_Generation = YES;
				INFOPLIST_KEY_UISupportedInterfaceOrientations_iPad = "UIInterfaceOrientationPortrait UIInterfaceOrientationPortraitUpsideDown UIInterfaceOrientationLandscapeLeft UIInterfaceOrientationLandscapeRight";
				INFOPLIST_KEY_UISupportedInterfaceOrientations_iPhone = "UIInterfaceOrientationPortrait UIInterfaceOrientationLandscapeLeft UIInterfaceOrientationLandscapeRight";
				LD_RUNPATH_SEARCH_PATHS = (
					"$(inherited)",
					"@executable_path/Frameworks",
				);
				MARKETING_VERSION = 1.0;
				PRODUCT_BUNDLE_IDENTIFIER = "work.shinatomo.swiftui-combine-mvvm-example";
				PRODUCT_NAME = "$(TARGET_NAME)";
				SWIFT_EMIT_LOC_STRINGS = YES;
				SWIFT_VERSION = 5.0;
				TARGETED_DEVICE_FAMILY = "1,2";
			};
			name = Debug;
		};
		4039891829CFE22500717928 /* Release */ = {
			isa = XCBuildConfiguration;
			buildSettings = {
				ASSETCATALOG_COMPILER_APPICON_NAME = AppIcon;
				ASSETCATALOG_COMPILER_GLOBAL_ACCENT_COLOR_NAME = AccentColor;
				CODE_SIGN_STYLE = Automatic;
				CURRENT_PROJECT_VERSION = 1;
				DEVELOPMENT_ASSET_PATHS = "\"swiftui-combine-mvvm-example/Preview Content\"";
				DEVELOPMENT_TEAM = QN8T3L2FUY;
				ENABLE_PREVIEWS = YES;
				GENERATE_INFOPLIST_FILE = YES;
				INFOPLIST_KEY_UIApplicationSceneManifest_Generation = YES;
				INFOPLIST_KEY_UIApplicationSupportsIndirectInputEvents = YES;
				INFOPLIST_KEY_UILaunchScreen_Generation = YES;
				INFOPLIST_KEY_UISupportedInterfaceOrientations_iPad = "UIInterfaceOrientationPortrait UIInterfaceOrientationPortraitUpsideDown UIInterfaceOrientationLandscapeLeft UIInterfaceOrientationLandscapeRight";
				INFOPLIST_KEY_UISupportedInterfaceOrientations_iPhone = "UIInterfaceOrientationPortrait UIInterfaceOrientationLandscapeLeft UIInterfaceOrientationLandscapeRight";
				LD_RUNPATH_SEARCH_PATHS = (
					"$(inherited)",
					"@executable_path/Frameworks",
				);
				MARKETING_VERSION = 1.0;
				PRODUCT_BUNDLE_IDENTIFIER = "work.shinatomo.swiftui-combine-mvvm-example";
				PRODUCT_NAME = "$(TARGET_NAME)";
				SWIFT_EMIT_LOC_STRINGS = YES;
				SWIFT_VERSION = 5.0;
				TARGETED_DEVICE_FAMILY = "1,2";
			};
			name = Release;
		};
		4039892F29CFE22700717928 /* Debug */ = {
			isa = XCBuildConfiguration;
			buildSettings = {
				ASSETCATALOG_COMPILER_APPICON_NAME = AppIcon;
				ASSETCATALOG_COMPILER_GLOBAL_ACCENT_COLOR_NAME = AccentColor;
				CODE_SIGN_STYLE = Automatic;
				CURRENT_PROJECT_VERSION = 1;
				DEVELOPMENT_ASSET_PATHS = "\"swiftui-combine-mvvm-example/Preview Content\"";
				DEVELOPMENT_TEAM = QN8T3L2FUY;
				ENABLE_PREVIEWS = YES;
				GENERATE_INFOPLIST_FILE = YES;
				INFOPLIST_KEY_UIApplicationSceneManifest_Generation = YES;
				INFOPLIST_KEY_UIApplicationSupportsIndirectInputEvents = YES;
				INFOPLIST_KEY_UILaunchScreen_Generation = YES;
				INFOPLIST_KEY_UISupportedInterfaceOrientations_iPad = "UIInterfaceOrientationPortrait UIInterfaceOrientationPortraitUpsideDown UIInterfaceOrientationLandscapeLeft UIInterfaceOrientationLandscapeRight";
				INFOPLIST_KEY_UISupportedInterfaceOrientations_iPhone = "UIInterfaceOrientationPortrait UIInterfaceOrientationLandscapeLeft UIInterfaceOrientationLandscapeRight";
				LD_RUNPATH_SEARCH_PATHS = (
					"$(inherited)",
					"@executable_path/Frameworks",
				);
				MARKETING_VERSION = 1.0;
				PRODUCT_BUNDLE_IDENTIFIER = "work.shinatomo.swiftui-combine-mvvm-example";
				PRODUCT_NAME = "$(TARGET_NAME)";
				SWIFT_EMIT_LOC_STRINGS = YES;
				SWIFT_VERSION = 5.0;
				TARGETED_DEVICE_FAMILY = "1,2";
			};
			name = Debug;
		};
		4039893029CFE22700717928 /* Release */ = {
			isa = XCBuildConfiguration;
			buildSettings = {
				ASSETCATALOG_COMPILER_APPICON_NAME = AppIcon;
				ASSETCATALOG_COMPILER_GLOBAL_ACCENT_COLOR_NAME = AccentColor;
				CODE_SIGN_STYLE = Automatic;
				CURRENT_PROJECT_VERSION = 1;
				DEVELOPMENT_ASSET_PATHS = "\"swiftui-combine-mvvm-example/Preview Content\"";
				DEVELOPMENT_TEAM = QN8T3L2FUY;
				ENABLE_PREVIEWS = YES;
				GENERATE_INFOPLIST_FILE = YES;
				INFOPLIST_KEY_UIApplicationSceneManifest_Generation = YES;
				INFOPLIST_KEY_UIApplicationSupportsIndirectInputEvents = YES;
				INFOPLIST_KEY_UILaunchScreen_Generation = YES;
				INFOPLIST_KEY_UISupportedInterfaceOrientations_iPad = "UIInterfaceOrientationPortrait UIInterfaceOrientationPortraitUpsideDown UIInterfaceOrientationLandscapeLeft UIInterfaceOrientationLandscapeRight";
				INFOPLIST_KEY_UISupportedInterfaceOrientations_iPhone = "UIInterfaceOrientationPortrait UIInterfaceOrientationLandscapeLeft UIInterfaceOrientationLandscapeRight";
				LD_RUNPATH_SEARCH_PATHS = (
					"$(inherited)",
					"@executable_path/Frameworks",
				);
				MARKETING_VERSION = 1.0;
				PRODUCT_BUNDLE_IDENTIFIER = "work.shinatomo.swiftui-combine-mvvm-example";
				PRODUCT_NAME = "$(TARGET_NAME)";
				SWIFT_EMIT_LOC_STRINGS = YES;
				SWIFT_VERSION = 5.0;
				TARGETED_DEVICE_FAMILY = "1,2";
			};
			name = Release;
		};
/* End XCBuildConfiguration section */

/* Begin XCConfigurationList section */
		403988A529CF119900717928 /* Build configuration list for PBXProject "swiftui-combine-mvvm-example" */ = {
			isa = XCConfigurationList;
			buildConfigurations = (
				403988CC29CF119A00717928 /* Debug */,
				403988CD29CF119A00717928 /* Release */,
			);
			defaultConfigurationIsVisible = 0;
			defaultConfigurationName = Release;
		};
		403988CE29CF119A00717928 /* Build configuration list for PBXNativeTarget "swiftui-combine-mvvm-example-dev" */ = {
			isa = XCConfigurationList;
			buildConfigurations = (
				403988CF29CF119A00717928 /* Debug */,
				403988D029CF119A00717928 /* Release */,
			);
			defaultConfigurationIsVisible = 0;
			defaultConfigurationName = Release;
		};
		403988D129CF119A00717928 /* Build configuration list for PBXNativeTarget "swiftui-combine-mvvm-exampleTests" */ = {
			isa = XCConfigurationList;
			buildConfigurations = (
				403988D229CF119A00717928 /* Debug */,
				403988D329CF119A00717928 /* Release */,
			);
			defaultConfigurationIsVisible = 0;
			defaultConfigurationName = Release;
		};
		403988D429CF119A00717928 /* Build configuration list for PBXNativeTarget "swiftui-combine-mvvm-exampleUITests" */ = {
			isa = XCConfigurationList;
			buildConfigurations = (
				403988D529CF119A00717928 /* Debug */,
				403988D629CF119A00717928 /* Release */,
			);
			defaultConfigurationIsVisible = 0;
			defaultConfigurationName = Release;
		};
		4039891629CFE22500717928 /* Build configuration list for PBXNativeTarget "swiftui-combine-mvvm-example-stg" */ = {
			isa = XCConfigurationList;
			buildConfigurations = (
				4039891729CFE22500717928 /* Debug */,
				4039891829CFE22500717928 /* Release */,
			);
			defaultConfigurationIsVisible = 0;
			defaultConfigurationName = Release;
		};
		4039892E29CFE22700717928 /* Build configuration list for PBXNativeTarget "swiftui-combine-mvvm-example" */ = {
			isa = XCConfigurationList;
			buildConfigurations = (
				4039892F29CFE22700717928 /* Debug */,
				4039893029CFE22700717928 /* Release */,
			);
			defaultConfigurationIsVisible = 0;
			defaultConfigurationName = Release;
		};
/* End XCConfigurationList section */
	};
	rootObject = 403988A229CF119900717928 /* Project object */;
}
